
Microsoft Visual Studio Solution File, Format Version 12.00
# Visual Studio Version 17
VisualStudioVersion = 17.0.32014.148
MinimumVisualStudioVersion = 10.0.40219.1
Project("{9A19103F-16F7-4668-BE54-9A1E7A4F7556}") = "MoongladePure.Web", "src\Moonglade.Web\MoongladePure.Web.csproj", "{2BC1D1F3-B0B2-4184-A84B-34A6B531BD4A}"
EndProject
Project("{9A19103F-16F7-4668-BE54-9A1E7A4F7556}") = "MoongladePure.Core", "src\Moonglade.Core\MoongladePure.Core.csproj", "{0A3BCAC1-1759-48F4-A222-71A4C65A23A0}"
EndProject
Project("{2150E333-8FDC-42A3-9474-1A3956D46DE8}") = "Application", "Application", "{9B62AB08-D68E-440E-819C-2C4636FF9C78}"
EndProject
Project("{2150E333-8FDC-42A3-9474-1A3956D46DE8}") = "Core", "Core", "{97439361-03B4-46C9-BC06-49F76BA57879}"
EndProject
Project("{9A19103F-16F7-4668-BE54-9A1E7A4F7556}") = "MoongladePure.Data", "src\Moonglade.Data\MoongladePure.Data.csproj", "{B7151A42-A200-442D-9244-F6A2EADDFEA1}"
EndProject
Project("{2150E333-8FDC-42A3-9474-1A3956D46DE8}") = "Data", "Data", "{41072B8B-1052-4CC6-930F-83A5F8EA7482}"
EndProject
Project("{9A19103F-16F7-4668-BE54-9A1E7A4F7556}") = "MoongladePure.ImageStorage", "src\Moonglade.ImageStorage\MoongladePure.ImageStorage.csproj", "{702AEE84-D06A-403F-8D7F-BE1955E9D062}"
EndProject
Project("{9A19103F-16F7-4668-BE54-9A1E7A4F7556}") = "MoongladePure.Configuration", "src\Moonglade.Configuration\MoongladePure.Configuration.csproj", "{D050818F-EDAD-43F1-9824-9627A0B4324C}"
EndProject
Project("{9A19103F-16F7-4668-BE54-9A1E7A4F7556}") = "MoongladePure.Syndication", "src\Moonglade.Syndication\MoongladePure.Syndication.csproj", "{3675CD24-B29D-4F1E-AB8E-9B563B000338}"
EndProject
Project("{9A19103F-16F7-4668-BE54-9A1E7A4F7556}") = "MoongladePure.Caching", "src\Moonglade.Caching\MoongladePure.Caching.csproj", "{BBC1C4FB-52C8-4E89-BED5-B461298A652B}"
EndProject
Project("{2150E333-8FDC-42A3-9474-1A3956D46DE8}") = "Infrastructure", "Infrastructure", "{F9400B71-ADCD-4FBE-A88F-F85873FDC60B}"
EndProject
Project("{9A19103F-16F7-4668-BE54-9A1E7A4F7556}") = "MoongladePure.Utils", "src\Moonglade.Utils\MoongladePure.Utils.csproj", "{9C2D082D-39B8-4D51-B532-3274431EA606}"
EndProject
Project("{9A19103F-16F7-4668-BE54-9A1E7A4F7556}") = "MoongladePure.Comments", "src\Moonglade.Comments\MoongladePure.Comments.csproj", "{80E6D51F-0920-4910-9A0A-A2E4ACF9F36D}"
EndProject
Project("{9A19103F-16F7-4668-BE54-9A1E7A4F7556}") = "MoongladePure.FriendLink", "src\Moonglade.FriendLink\MoongladePure.FriendLink.csproj", "{C2691740-A964-43C8-8024-DA64FB5DB624}"
EndProject
Project("{9A19103F-16F7-4668-BE54-9A1E7A4F7556}") = "MoongladePure.Auth", "src\Moonglade.Auth\MoongladePure.Auth.csproj", "{5B888FFB-8BF0-4AED-9D1E-91396290BC05}"
EndProject
Project("{9A19103F-16F7-4668-BE54-9A1E7A4F7556}") = "MoongladePure.Menus", "src\Moonglade.Menus\MoongladePure.Menus.csproj", "{A5ED355A-D024-4176-B453-2F8F42E29414}"
EndProject
Project("{9A19103F-16F7-4668-BE54-9A1E7A4F7556}") = "MoongladePure.Theme", "src\Moonglade.Theme\MoongladePure.Theme.csproj", "{59770DF9-9CC5-4912-8677-5E99DA9C96CA}"
EndProject
Project("{9A19103F-16F7-4668-BE54-9A1E7A4F7556}") = "MoongladePure.Data.MySql", "src\Moonglade.Data.MySql\MoongladePure.Data.MySql.csproj", "{0267C513-2DB9-4697-A6FA-39BB83E1CA9B}"
EndProject
Project("{2150E333-8FDC-42A3-9474-1A3956D46DE8}") = "Tests", "Tests", "{9E479481-2D56-4C75-8825-E05DAFA1300A}"
EndProject
Project("{9A19103F-16F7-4668-BE54-9A1E7A4F7556}") = "MoongladePure.Tests", "tests\Moonglade.Tests\MoongladePure.Tests.csproj", "{F7FBB89C-6AF3-4DEC-9F8F-DE7785FA5077}"
EndProject
Project("{FAE04EC0-301F-11D3-BF4B-00C04F79EFBC}") = "MoongladePure.Data.Sqlite", "src\Moonglade.Data.Sqlite\MoongladePure.Data.Sqlite.csproj", "{245EFF1D-3C5C-4477-A498-E3C5FF7EEFFB}"
EndProject
Project("{FAE04EC0-301F-11D3-BF4B-00C04F79EFBC}") = "MoongladePure.Data.InMemory", "src\Moonglade.Data.InMemory\MoongladePure.Data.InMemory.csproj", "{A2D884BC-B381-4F66-AE1A-5626ABD52203}"
EndProject
Global
	GlobalSection(SolutionConfigurationPlatforms) = preSolution
		Debug|Any CPU = Debug|Any CPU
		Release|Any CPU = Release|Any CPU
	EndGlobalSection
	GlobalSection(ProjectConfigurationPlatforms) = postSolution
		{2BC1D1F3-B0B2-4184-A84B-34A6B531BD4A}.Debug|Any CPU.ActiveCfg = Debug|Any CPU
		{2BC1D1F3-B0B2-4184-A84B-34A6B531BD4A}.Debug|Any CPU.Build.0 = Debug|Any CPU
		{2BC1D1F3-B0B2-4184-A84B-34A6B531BD4A}.Release|Any CPU.ActiveCfg = Release|Any CPU
		{2BC1D1F3-B0B2-4184-A84B-34A6B531BD4A}.Release|Any CPU.Build.0 = Release|Any CPU
		{0A3BCAC1-1759-48F4-A222-71A4C65A23A0}.Debug|Any CPU.ActiveCfg = Debug|Any CPU
		{0A3BCAC1-1759-48F4-A222-71A4C65A23A0}.Debug|Any CPU.Build.0 = Debug|Any CPU
		{0A3BCAC1-1759-48F4-A222-71A4C65A23A0}.Release|Any CPU.ActiveCfg = Release|Any CPU
		{0A3BCAC1-1759-48F4-A222-71A4C65A23A0}.Release|Any CPU.Build.0 = Release|Any CPU
		{B7151A42-A200-442D-9244-F6A2EADDFEA1}.Debug|Any CPU.ActiveCfg = Debug|Any CPU
		{B7151A42-A200-442D-9244-F6A2EADDFEA1}.Debug|Any CPU.Build.0 = Debug|Any CPU
		{B7151A42-A200-442D-9244-F6A2EADDFEA1}.Release|Any CPU.ActiveCfg = Release|Any CPU
		{B7151A42-A200-442D-9244-F6A2EADDFEA1}.Release|Any CPU.Build.0 = Release|Any CPU
		{702AEE84-D06A-403F-8D7F-BE1955E9D062}.Debug|Any CPU.ActiveCfg = Debug|Any CPU
		{702AEE84-D06A-403F-8D7F-BE1955E9D062}.Debug|Any CPU.Build.0 = Debug|Any CPU
		{702AEE84-D06A-403F-8D7F-BE1955E9D062}.Release|Any CPU.ActiveCfg = Release|Any CPU
		{702AEE84-D06A-403F-8D7F-BE1955E9D062}.Release|Any CPU.Build.0 = Release|Any CPU
		{D050818F-EDAD-43F1-9824-9627A0B4324C}.Debug|Any CPU.ActiveCfg = Debug|Any CPU
		{D050818F-EDAD-43F1-9824-9627A0B4324C}.Debug|Any CPU.Build.0 = Debug|Any CPU
		{D050818F-EDAD-43F1-9824-9627A0B4324C}.Release|Any CPU.ActiveCfg = Release|Any CPU
		{D050818F-EDAD-43F1-9824-9627A0B4324C}.Release|Any CPU.Build.0 = Release|Any CPU
		{3675CD24-B29D-4F1E-AB8E-9B563B000338}.Debug|Any CPU.ActiveCfg = Debug|Any CPU
		{3675CD24-B29D-4F1E-AB8E-9B563B000338}.Debug|Any CPU.Build.0 = Debug|Any CPU
		{3675CD24-B29D-4F1E-AB8E-9B563B000338}.Release|Any CPU.ActiveCfg = Release|Any CPU
		{3675CD24-B29D-4F1E-AB8E-9B563B000338}.Release|Any CPU.Build.0 = Release|Any CPU
		{BBC1C4FB-52C8-4E89-BED5-B461298A652B}.Debug|Any CPU.ActiveCfg = Debug|Any CPU
		{BBC1C4FB-52C8-4E89-BED5-B461298A652B}.Debug|Any CPU.Build.0 = Debug|Any CPU
		{BBC1C4FB-52C8-4E89-BED5-B461298A652B}.Release|Any CPU.ActiveCfg = Release|Any CPU
		{BBC1C4FB-52C8-4E89-BED5-B461298A652B}.Release|Any CPU.Build.0 = Release|Any CPU
		{9C2D082D-39B8-4D51-B532-3274431EA606}.Debug|Any CPU.ActiveCfg = Debug|Any CPU
		{9C2D082D-39B8-4D51-B532-3274431EA606}.Debug|Any CPU.Build.0 = Debug|Any CPU
		{9C2D082D-39B8-4D51-B532-3274431EA606}.Release|Any CPU.ActiveCfg = Release|Any CPU
		{9C2D082D-39B8-4D51-B532-3274431EA606}.Release|Any CPU.Build.0 = Release|Any CPU
		{80E6D51F-0920-4910-9A0A-A2E4ACF9F36D}.Debug|Any CPU.ActiveCfg = Debug|Any CPU
		{80E6D51F-0920-4910-9A0A-A2E4ACF9F36D}.Debug|Any CPU.Build.0 = Debug|Any CPU
		{80E6D51F-0920-4910-9A0A-A2E4ACF9F36D}.Release|Any CPU.ActiveCfg = Release|Any CPU
		{80E6D51F-0920-4910-9A0A-A2E4ACF9F36D}.Release|Any CPU.Build.0 = Release|Any CPU
		{C2691740-A964-43C8-8024-DA64FB5DB624}.Debug|Any CPU.ActiveCfg = Debug|Any CPU
		{C2691740-A964-43C8-8024-DA64FB5DB624}.Debug|Any CPU.Build.0 = Debug|Any CPU
		{C2691740-A964-43C8-8024-DA64FB5DB624}.Release|Any CPU.ActiveCfg = Release|Any CPU
		{C2691740-A964-43C8-8024-DA64FB5DB624}.Release|Any CPU.Build.0 = Release|Any CPU
		{5B888FFB-8BF0-4AED-9D1E-91396290BC05}.Debug|Any CPU.ActiveCfg = Debug|Any CPU
		{5B888FFB-8BF0-4AED-9D1E-91396290BC05}.Debug|Any CPU.Build.0 = Debug|Any CPU
		{5B888FFB-8BF0-4AED-9D1E-91396290BC05}.Release|Any CPU.ActiveCfg = Release|Any CPU
		{5B888FFB-8BF0-4AED-9D1E-91396290BC05}.Release|Any CPU.Build.0 = Release|Any CPU
		{A5ED355A-D024-4176-B453-2F8F42E29414}.Debug|Any CPU.ActiveCfg = Debug|Any CPU
		{A5ED355A-D024-4176-B453-2F8F42E29414}.Debug|Any CPU.Build.0 = Debug|Any CPU
		{A5ED355A-D024-4176-B453-2F8F42E29414}.Release|Any CPU.ActiveCfg = Release|Any CPU
		{A5ED355A-D024-4176-B453-2F8F42E29414}.Release|Any CPU.Build.0 = Release|Any CPU
		{59770DF9-9CC5-4912-8677-5E99DA9C96CA}.Debug|Any CPU.ActiveCfg = Debug|Any CPU
		{59770DF9-9CC5-4912-8677-5E99DA9C96CA}.Debug|Any CPU.Build.0 = Debug|Any CPU
		{59770DF9-9CC5-4912-8677-5E99DA9C96CA}.Release|Any CPU.ActiveCfg = Release|Any CPU
		{59770DF9-9CC5-4912-8677-5E99DA9C96CA}.Release|Any CPU.Build.0 = Release|Any CPU
		{0267C513-2DB9-4697-A6FA-39BB83E1CA9B}.Debug|Any CPU.ActiveCfg = Debug|Any CPU
		{0267C513-2DB9-4697-A6FA-39BB83E1CA9B}.Debug|Any CPU.Build.0 = Debug|Any CPU
		{0267C513-2DB9-4697-A6FA-39BB83E1CA9B}.Release|Any CPU.ActiveCfg = Release|Any CPU
		{0267C513-2DB9-4697-A6FA-39BB83E1CA9B}.Release|Any CPU.Build.0 = Release|Any CPU
		{F7FBB89C-6AF3-4DEC-9F8F-DE7785FA5077}.Debug|Any CPU.ActiveCfg = Debug|Any CPU
		{F7FBB89C-6AF3-4DEC-9F8F-DE7785FA5077}.Debug|Any CPU.Build.0 = Debug|Any CPU
		{F7FBB89C-6AF3-4DEC-9F8F-DE7785FA5077}.Release|Any CPU.ActiveCfg = Release|Any CPU
		{F7FBB89C-6AF3-4DEC-9F8F-DE7785FA5077}.Release|Any CPU.Build.0 = Release|Any CPU
		{245EFF1D-3C5C-4477-A498-E3C5FF7EEFFB}.Debug|Any CPU.ActiveCfg = Debug|Any CPU
		{245EFF1D-3C5C-4477-A498-E3C5FF7EEFFB}.Debug|Any CPU.Build.0 = Debug|Any CPU
		{245EFF1D-3C5C-4477-A498-E3C5FF7EEFFB}.Release|Any CPU.ActiveCfg = Release|Any CPU
		{245EFF1D-3C5C-4477-A498-E3C5FF7EEFFB}.Release|Any CPU.Build.0 = Release|Any CPU
		{A2D884BC-B381-4F66-AE1A-5626ABD52203}.Debug|Any CPU.ActiveCfg = Debug|Any CPU
		{A2D884BC-B381-4F66-AE1A-5626ABD52203}.Debug|Any CPU.Build.0 = Debug|Any CPU
		{A2D884BC-B381-4F66-AE1A-5626ABD52203}.Release|Any CPU.ActiveCfg = Release|Any CPU
		{A2D884BC-B381-4F66-AE1A-5626ABD52203}.Release|Any CPU.Build.0 = Release|Any CPU
	EndGlobalSection
	GlobalSection(SolutionProperties) = preSolution
		HideSolutionNode = FALSE
	EndGlobalSection
	GlobalSection(NestedProjects) = preSolution
		{2BC1D1F3-B0B2-4184-A84B-34A6B531BD4A} = {9B62AB08-D68E-440E-819C-2C4636FF9C78}
		{0A3BCAC1-1759-48F4-A222-71A4C65A23A0} = {97439361-03B4-46C9-BC06-49F76BA57879}
		{B7151A42-A200-442D-9244-F6A2EADDFEA1} = {41072B8B-1052-4CC6-930F-83A5F8EA7482}
		{702AEE84-D06A-403F-8D7F-BE1955E9D062} = {41072B8B-1052-4CC6-930F-83A5F8EA7482}
		{D050818F-EDAD-43F1-9824-9627A0B4324C} = {F9400B71-ADCD-4FBE-A88F-F85873FDC60B}
		{3675CD24-B29D-4F1E-AB8E-9B563B000338} = {97439361-03B4-46C9-BC06-49F76BA57879}
		{BBC1C4FB-52C8-4E89-BED5-B461298A652B} = {F9400B71-ADCD-4FBE-A88F-F85873FDC60B}
		{9C2D082D-39B8-4D51-B532-3274431EA606} = {F9400B71-ADCD-4FBE-A88F-F85873FDC60B}
		{80E6D51F-0920-4910-9A0A-A2E4ACF9F36D} = {97439361-03B4-46C9-BC06-49F76BA57879}
		{C2691740-A964-43C8-8024-DA64FB5DB624} = {97439361-03B4-46C9-BC06-49F76BA57879}
		{5B888FFB-8BF0-4AED-9D1E-91396290BC05} = {97439361-03B4-46C9-BC06-49F76BA57879}
		{A5ED355A-D024-4176-B453-2F8F42E29414} = {97439361-03B4-46C9-BC06-49F76BA57879}
		{59770DF9-9CC5-4912-8677-5E99DA9C96CA} = {97439361-03B4-46C9-BC06-49F76BA57879}
		{0267C513-2DB9-4697-A6FA-39BB83E1CA9B} = {41072B8B-1052-4CC6-930F-83A5F8EA7482}
		{F7FBB89C-6AF3-4DEC-9F8F-DE7785FA5077} = {9E479481-2D56-4C75-8825-E05DAFA1300A}
		{245EFF1D-3C5C-4477-A498-E3C5FF7EEFFB} = {41072B8B-1052-4CC6-930F-83A5F8EA7482}
		{A2D884BC-B381-4F66-AE1A-5626ABD52203} = {41072B8B-1052-4CC6-930F-83A5F8EA7482}
	EndGlobalSection
	GlobalSection(ExtensibilityGlobals) = postSolution
		SolutionGuid = {EBD14882-9899-4C4B-B9BC-22C0B93BD559}
	EndGlobalSection
EndGlobal
