# THIS IS AN AUTOGENERATED FILE. DO NOT EDIT THIS FILE DIRECTLY.
# yarn lockfile v1


"@aiursoft/utctime.js@^1.0.4":
  version "1.0.5"
  resolved "https://npm.aiursoft.cn/@aiursoft/utctime.js/-/utctime.js-1.0.5.tgz#11c33fcc61a3454904feb1bbab77d0b05f0ec0da"
  integrity sha512-3ScbfwrqeWuoKMSKR2+Exqx4iyKqMk3lu6WmrPsHep2p8JsADqBiN/cLVoEjJzzrJK6ZOQZD1CvKBe70fIpTVg==

"@codemirror/autocomplete@^6.0.0":
  version "6.18.6"
  resolved "https://npm.aiursoft.cn/@codemirror/autocomplete/-/autocomplete-6.18.6.tgz#de26e864a1ec8192a1b241eb86addbb612964ddb"
  integrity sha512-PHHBXFomUs5DF+9tCOM/UoW6XQ4R44lLNNhRaW9PKPTU0D7lIjRg3ElxaJnTwsl/oHiR93WSXDBrekhoUGCPtg==
  dependencies:
    "@codemirror/language" "^6.0.0"
    "@codemirror/state" "^6.0.0"
    "@codemirror/view" "^6.17.0"
    "@lezer/common" "^1.0.0"

"@codemirror/commands@^6.0.0":
  version "6.8.1"
  resolved "https://npm.aiursoft.cn/@codemirror/commands/-/commands-6.8.1.tgz#639f5559d2f33f2582a2429c58cb0c1b925c7a30"
  integrity sha512-KlGVYufHMQzxbdQONiLyGQDUW0itrLZwq3CcY7xpv9ZLRHqzkBSoteocBHtMCoY7/Ci4xhzSrToIeLg7FxHuaw==
  dependencies:
    "@codemirror/language" "^6.0.0"
    "@codemirror/state" "^6.4.0"
    "@codemirror/view" "^6.27.0"
    "@lezer/common" "^1.1.0"

"@codemirror/language@^6.0.0":
  version "6.11.2"
  resolved "https://npm.aiursoft.cn/@codemirror/language/-/language-6.11.2.tgz#90d2d094cfbd14263bc5354ebd2445ee4e81bdc3"
  integrity sha512-p44TsNArL4IVXDTbapUmEkAlvWs2CFQbcfc0ymDsis1kH2wh0gcY96AS29c/vp2d0y2Tquk1EDSaawpzilUiAw==
  dependencies:
    "@codemirror/state" "^6.0.0"
    "@codemirror/view" "^6.23.0"
    "@lezer/common" "^1.1.0"
    "@lezer/highlight" "^1.0.0"
    "@lezer/lr" "^1.0.0"
    style-mod "^4.0.0"

"@codemirror/lint@^6.0.0":
  version "6.8.5"
  resolved "https://npm.aiursoft.cn/@codemirror/lint/-/lint-6.8.5.tgz#9edaa808e764e28e07665b015951934c8ec3a418"
  integrity sha512-s3n3KisH7dx3vsoeGMxsbRAgKe4O1vbrnKBClm99PU0fWxmxsx5rR2PfqQgIt+2MMJBHbiJ5rfIdLYfB9NNvsA==
  dependencies:
    "@codemirror/state" "^6.0.0"
    "@codemirror/view" "^6.35.0"
    crelt "^1.0.5"

"@codemirror/search@^6.0.0":
  version "6.5.11"
  resolved "https://npm.aiursoft.cn/@codemirror/search/-/search-6.5.11.tgz#a324ffee36e032b7f67aa31c4fb9f3e6f9f3ed63"
  integrity sha512-KmWepDE6jUdL6n8cAAqIpRmLPBZ5ZKnicE8oGU/s3QrAVID+0VhLFrzUucVKHG5035/BSykhExDL/Xm7dHthiA==
  dependencies:
    "@codemirror/state" "^6.0.0"
    "@codemirror/view" "^6.0.0"
    crelt "^1.0.5"

"@codemirror/state@^6.0.0", "@codemirror/state@^6.4.0", "@codemirror/state@^6.5.0":
  version "6.5.2"
  resolved "https://npm.aiursoft.cn/@codemirror/state/-/state-6.5.2.tgz#8eca3a64212a83367dc85475b7d78d5c9b7076c6"
  integrity sha512-FVqsPqtPWKVVL3dPSxy8wEF/ymIEuVzF1PK3VbUgrxXpJUSHQWWZz4JMToquRxnkw+36LTamCZG2iua2Ptq0fA==
  dependencies:
    "@marijn/find-cluster-break" "^1.0.0"

"@codemirror/view@^6.0.0", "@codemirror/view@^6.17.0", "@codemirror/view@^6.23.0", "@codemirror/view@^6.27.0", "@codemirror/view@^6.35.0":
  version "6.38.1"
  resolved "https://npm.aiursoft.cn/@codemirror/view/-/view-6.38.1.tgz#74214434351719ec0710431363a85f7a01e80a73"
  integrity sha512-RmTOkE7hRU3OVREqFVITWHz6ocgBjv08GoePscAakgVQfciA3SGCEk7mb9IzwW61cKKmlTpHXG6DUE5Ubx+MGQ==
  dependencies:
    "@codemirror/state" "^6.5.0"
    crelt "^1.0.6"
    style-mod "^4.1.0"
    w3c-keyname "^2.2.4"

"@lezer/common@^1.0.0", "@lezer/common@^1.1.0":
  version "1.2.3"
  resolved "https://npm.aiursoft.cn/@lezer/common/-/common-1.2.3.tgz#138fcddab157d83da557554851017c6c1e5667fd"
  integrity sha512-w7ojc8ejBqr2REPsWxJjrMFsA/ysDCFICn8zEOR9mrqzOu2amhITYuLD8ag6XZf0CFXDrhKqw7+tW8cX66NaDA==

"@lezer/highlight@^1.0.0":
  version "1.2.1"
  resolved "https://npm.aiursoft.cn/@lezer/highlight/-/highlight-1.2.1.tgz#596fa8f9aeb58a608be0a563e960c373cbf23f8b"
  integrity sha512-Z5duk4RN/3zuVO7Jq0pGLJ3qynpxUVsh7IbUbGj88+uV2ApSAn6kWg2au3iJb+0Zi7kKtqffIESgNcRXWZWmSA==
  dependencies:
    "@lezer/common" "^1.0.0"

"@lezer/lr@^1.0.0":
  version "1.4.2"
  resolved "https://npm.aiursoft.cn/@lezer/lr/-/lr-1.4.2.tgz#931ea3dea8e9de84e90781001dae30dea9ff1727"
  integrity sha512-pu0K1jCIdnQ12aWNaAVU5bzi7Bd1w54J3ECgANPmYLtQKP0HBj2cE/5coBD66MT10xbtIuUr7tg0Shbsvk0mDA==
  dependencies:
    "@lezer/common" "^1.0.0"

"@marijn/find-cluster-break@^1.0.0":
  version "1.0.2"
  resolved "https://npm.aiursoft.cn/@marijn/find-cluster-break/-/find-cluster-break-1.0.2.tgz#775374306116d51c0c500b8c4face0f9a04752d8"
  integrity sha512-l0h88YhZFyKdXIFNfSWpyjStDjGHwZ/U7iobcK1cQQD8sejsONdQtTVU+1wVN1PBw40PiiHB1vA5S7VTfQiP9g==

"@yaireo/tagify@^4.21.1":
  version "4.35.3"
  resolved "https://npm.aiursoft.cn/@yaireo/tagify/-/tagify-4.35.3.tgz#4c23f676a169fd6e6131557f0c3feb3ab70917ec"
  integrity sha512-YXqNIHoKwZXRxeMSu1E9/CaE/e4rC81RUyg2IaPYh6ZmcAl+7dVi/QoNV1pGu7MLXIqQYpXyXxzDoweIOF7GIw==

bootstrap-icons@^1.11.3:
  version "1.13.1"
  resolved "https://npm.aiursoft.cn/bootstrap-icons/-/bootstrap-icons-1.13.1.tgz#0aad3f5b55b67402990e729ce3883416f9cef6c5"
  integrity sha512-ijombt4v6bv5CLeXvRWKy7CuM3TRTuPEuGaGKvTV5cz65rQSY8RQ2JcHt6b90cBBAC7s8fsf2EkQDldzCoXUjw==

bootstrap@^5.3.3:
  version "5.3.7"
  resolved "https://npm.aiursoft.cn/bootstrap/-/bootstrap-5.3.7.tgz#8640065036124d961d885d80b5945745e1154d90"
  integrity sha512-7KgiD8UHjfcPBHEpDNg+zGz8L3LqR3GVwqZiBRFX04a1BCArZOz1r2kjly2HQ0WokqTO0v1nF+QAt8dsW4lKlw==

codemirror-spell-checker@*:
  version "1.1.2"
  resolved "https://npm.aiursoft.cn/codemirror-spell-checker/-/codemirror-spell-checker-1.1.2.tgz#1c660f9089483ccb5113b9ba9ca19c3f4993371e"
  integrity sha512-2Tl6n0v+GJRsC9K3MLCdLaMOmvWL0uukajNJseorZJsslaxZyZMgENocPU8R0DyoTAiKsyqiemSOZo7kjGV0LQ==
  dependencies:
    typo-js "*"

codemirror@*:
  version "6.0.2"
  resolved "https://npm.aiursoft.cn/codemirror/-/codemirror-6.0.2.tgz#4d3fea1ad60b6753f97ca835f2f48c6936a8946e"
  integrity sha512-VhydHotNW5w1UGK0Qj96BwSk/Zqbp9WbnyK2W/eVMv4QyF41INRGpjUhFJY7/uDNuudSc33a/PKr4iDqRduvHw==
  dependencies:
    "@codemirror/autocomplete" "^6.0.0"
    "@codemirror/commands" "^6.0.0"
    "@codemirror/language" "^6.0.0"
    "@codemirror/lint" "^6.0.0"
    "@codemirror/search" "^6.0.0"
    "@codemirror/state" "^6.0.0"
    "@codemirror/view" "^6.0.0"

crelt@^1.0.5, crelt@^1.0.6:
  version "1.0.6"
  resolved "https://npm.aiursoft.cn/crelt/-/crelt-1.0.6.tgz#7cc898ea74e190fb6ef9dae57f8f81cf7302df72"
  integrity sha512-VQ2MBenTq1fWZUH9DJNGti7kKv6EeAuYr3cLwxUWhIu1baTaXh4Ib5W2CqHVqib4/MqbYGJqiL3Zb8GJZr3l4g==

fontawesome-4.7@^4.7.0:
  version "4.7.0"
  resolved "https://npm.aiursoft.cn/fontawesome-4.7/-/fontawesome-4.7-4.7.0.tgz#985d66d225180600d78f5808f149ecbfeabcc11c"
  integrity sha512-K+pJ9tR3Z+youCvMOtqwJyyM69dlAQflrahXTV3KExWTAFHqR+MgeEC/dF3Q7nUNOJRMOX8GIPzzGbnh4GMrkw==

marked@*:
  version "16.1.1"
  resolved "https://npm.aiursoft.cn/marked/-/marked-16.1.1.tgz#a7839dcf19fa5e349cad12c561f231320690acd4"
  integrity sha512-ij/2lXfCRT71L6u0M29tJPhP0bM5shLL3u5BePhFwPELj2blMJ6GDtD7PfJhRLhJ/c2UwrK17ySVcDzy2YHjHQ==

simplemde@^1.11.2:
  version "1.11.2"
  resolved "https://npm.aiursoft.cn/simplemde/-/simplemde-1.11.2.tgz#a23a35d978d2c40ef07dec008c92f070d8e080e3"
  integrity sha512-AUXuHJ/tEEDEcN/MTitHIw3AuBcheizJt7SVwtyn00B0UK5RKZ3GB+JndmRcJ5wfYGCIL0O2yJm/uz0sJOFSLg==
  dependencies:
    codemirror "*"
    codemirror-spell-checker "*"
    marked "*"

style-mod@^4.0.0, style-mod@^4.1.0:
  version "4.1.2"
  resolved "https://npm.aiursoft.cn/style-mod/-/style-mod-4.1.2.tgz#ca238a1ad4786520f7515a8539d5a63691d7bf67"
  integrity sha512-wnD1HyVqpJUI2+eKZ+eo1UwghftP6yuFheBqqe+bWCotBjC2K1YnteJILRMs3SM4V/0dLEW1SC27MWP5y+mwmw==

typo-js@*:
  version "1.2.5"
  resolved "https://npm.aiursoft.cn/typo-js/-/typo-js-1.2.5.tgz#0aa65e0be9b69036463a3827de8185b4144e3086"
  integrity sha512-F45vFWdGX8xahIk/sOp79z2NJs8ETMYsmMChm9D5Hlx3+9j7VnCyQyvij5MOCrNY3NNe8noSyokRjQRfq+Bc7A==

w3c-keyname@^2.2.4:
  version "2.2.8"
  resolved "https://npm.aiursoft.cn/w3c-keyname/-/w3c-keyname-2.2.8.tgz#7b17c8c6883d4e8b86ac8aba79d39e880f8869c5"
  integrity sha512-dpojBhNsCNN7T82Tm7k26A6G9ML3NkhDsnw9n/eoxSRlVBB4CEtIQ/KTCLI2Fwf3ataSXRhYFkQi3SlnFwPvPQ==
